PODS:
  - EZSwiftExtensions (1.7)
  - HLSpriteKit (1.4.0)

DEPENDENCIES:
  - EZSwiftExtensions
  - HLSpriteKit (from `https://github.com/hilogames/HLSpriteKit.git`)

EXTERNAL SOURCES:
  HLSpriteKit:
    :git: https://github.com/hilogames/HLSpriteKit.git

CHECKOUT OPTIONS:
  HLSpriteKit:
    :commit: f938a656987cfbe5c1cf942dacdbb971541b2d76
    :git: https://github.com/hilogames/HLSpriteKit.git

SPEC CHECKSUMS:
  EZSwiftExtensions: 4afef248066a036903d8496bf07bc355b22ce766
  HLSpriteKit: 228003674e4737d26e189780a3b9ddd2ac6a76b8

PODFILE CHECKSUM: d59e51e3b2530ed8772e554ec30e163dc9942be4

COCOAPODS: 1.1.0.beta.1
